// !$*UTF8*$!
{
	archiveVersion = 1;
	classes = {
	};
	objectVersion = 46;
	objects = {

/* Begin PBXBuildFile section */
		065384C041E8F10EDD359D90 /* Pods_Life_Timer.framework in Frameworks */ = {isa = PBXBuildFile; fileRef = A21484BD5F040F92BE9013B9 /* Pods_Life_Timer.framework */; };
		0D8344FED62E2963D632DA5F /* Pods_Life_TimerUITests.framework in Frameworks */ = {isa = PBXBuildFile; fileRef = 30FEA1285FD20AC8B7E3F239 /* Pods_Life_TimerUITests.framework */; };
		139EF974E39690EAC0B92544 /* Pods_Life_TimerTests.framework in Frameworks */ = {isa = PBXBuildFile; fileRef = B7C72CAE662D4578B022EB2B /* Pods_Life_TimerTests.framework */; };
		885398E31E2AA5E2002C2FD6 /* timerViewCellTableViewCell.swift in Sources */ = {isa = PBXBuildFile; fileRef = 885398E21E2AA5E2002C2FD6 /* timerViewCellTableViewCell.swift */; };
		885398E51E2B030C002C2FD6 /* GoogleService-Info.plist in Resources */ = {isa = PBXBuildFile; fileRef = 885398E41E2B030C002C2FD6 /* GoogleService-Info.plist */; };
		885398E61E2B030C002C2FD6 /* GoogleService-Info.plist in Resources */ = {isa = PBXBuildFile; fileRef = 885398E41E2B030C002C2FD6 /* GoogleService-Info.plist */; };
		885398E71E2B030C002C2FD6 /* GoogleService-Info.plist in Resources */ = {isa = PBXBuildFile; fileRef = 885398E41E2B030C002C2FD6 /* GoogleService-Info.plist */; };
		886268F71E04B16200D0745D /* AppDelegate.swift in Sources */ = {isa = PBXBuildFile; fileRef = 886268F61E04B16200D0745D /* AppDelegate.swift */; };
		886268F91E04B16200D0745D /* FirstViewController.swift in Sources */ = {isa = PBXBuildFile; fileRef = 886268F81E04B16200D0745D /* FirstViewController.swift */; };
		886268FB1E04B16200D0745D /* SecondViewController.swift in Sources */ = {isa = PBXBuildFile; fileRef = 886268FA1E04B16200D0745D /* SecondViewController.swift */; };
		886268FE1E04B16200D0745D /* Main.storyboard in Resources */ = {isa = PBXBuildFile; fileRef = 886268FC1E04B16200D0745D /* Main.storyboard */; };
		886269001E04B16200D0745D /* Assets.xcassets in Resources */ = {isa = PBXBuildFile; fileRef = 886268FF1E04B16200D0745D /* Assets.xcassets */; };
		886269031E04B16200D0745D /* LaunchScreen.storyboard in Resources */ = {isa = PBXBuildFile; fileRef = 886269011E04B16200D0745D /* LaunchScreen.storyboard */; };
		8862690E1E04B16200D0745D /* Life_TimerTests.swift in Sources */ = {isa = PBXBuildFile; fileRef = 8862690D1E04B16200D0745D /* Life_TimerTests.swift */; };
		886269191E04B16200D0745D /* Life_TimerUITests.swift in Sources */ = {isa = PBXBuildFile; fileRef = 886269181E04B16200D0745D /* Life_TimerUITests.swift */; };
		88B6F2CD1E134B6100A5EC91 /* RatingControl.swift in Sources */ = {isa = PBXBuildFile; fileRef = 88B6F2CC1E134B6000A5EC91 /* RatingControl.swift */; };
		88B6F2D11E16C02900A5EC91 /* dateTime.swift in Sources */ = {isa = PBXBuildFile; fileRef = 88B6F2D01E16C02900A5EC91 /* dateTime.swift */; };
		88B6F2D31E16C24900A5EC91 /* timerColor.swift in Sources */ = {isa = PBXBuildFile; fileRef = 88B6F2D21E16C24900A5EC91 /* timerColor.swift */; };
		88B6F2D51E16FDAC00A5EC91 /* createTimerController.swift in Sources */ = {isa = PBXBuildFile; fileRef = 88B6F2D41E16FDAC00A5EC91 /* createTimerController.swift */; };
/* End PBXBuildFile section */

/* Begin PBXContainerItemProxy section */
		8862690A1E04B16200D0745D /* PBXContainerItemProxy */ = {
			isa = PBXContainerItemProxy;
			containerPortal = 886268EB1E04B16200D0745D /* Project object */;
			proxyType = 1;
			remoteGlobalIDString = 886268F21E04B16200D0745D;
			remoteInfo = "Life Timer";
		};
		886269151E04B16200D0745D /* PBXContainerItemProxy */ = {
			isa = PBXContainerItemProxy;
			containerPortal = 886268EB1E04B16200D0745D /* Project object */;
			proxyType = 1;
			remoteGlobalIDString = 886268F21E04B16200D0745D;
			remoteInfo = "Life Timer";
		};
/* End PBXContainerItemProxy section */

/* Begin PBXFileReference section */
		30FEA1285FD20AC8B7E3F239 /* Pods_Life_TimerUITests.framework */ = {isa = PBXFileReference; explicitFileType = wrapper.framework; includeInIndex = 0; path = Pods_Life_TimerUITests.framework; sourceTree = BUILT_PRODUCTS_DIR; };
		3CC6D2BA566304DD1D4FFE7B /* Pods-Life TimerUITests.debug.xcconfig */ = {isa = PBXFileReference; includeInIndex = 1; lastKnownFileType = text.xcconfig; name = "Pods-Life TimerUITests.debug.xcconfig"; path = "Pods/Target Support Files/Pods-Life TimerUITests/Pods-Life TimerUITests.debug.xcconfig"; sourceTree = "<group>"; };
		6B2AD9A5EE023E94CE989CA4 /* Pods-Life Timer.debug.xcconfig */ = {isa = PBXFileReference; includeInIndex = 1; lastKnownFileType = text.xcconfig; name = "Pods-Life Timer.debug.xcconfig"; path = "Pods/Target Support Files/Pods-Life Timer/Pods-Life Timer.debug.xcconfig"; sourceTree = "<group>"; };
		773A4401058312BDE26CB510 /* Pods-Life Timer.release.xcconfig */ = {isa = PBXFileReference; includeInIndex = 1; lastKnownFileType = text.xcconfig; name = "Pods-Life Timer.release.xcconfig"; path = "Pods/Target Support Files/Pods-Life Timer/Pods-Life Timer.release.xcconfig"; sourceTree = "<group>"; };
		846CB9B1535A10FF13BAF335 /* Pods-Life TimerUITests.release.xcconfig */ = {isa = PBXFileReference; includeInIndex = 1; lastKnownFileType = text.xcconfig; name = "Pods-Life TimerUITests.release.xcconfig"; path = "Pods/Target Support Files/Pods-Life TimerUITests/Pods-Life TimerUITests.release.xcconfig"; sourceTree = "<group>"; };
		885398E21E2AA5E2002C2FD6 /* timerViewCellTableViewCell.swift */ = {isa = PBXFileReference; fileEncoding = 4; lastKnownFileType = sourcecode.swift; path = timerViewCellTableViewCell.swift; sourceTree = "<group>"; };
		885398E41E2B030C002C2FD6 /* GoogleService-Info.plist */ = {isa = PBXFileReference; fileEncoding = 4; lastKnownFileType = text.plist.xml; name = "GoogleService-Info.plist"; path = "../../../../Downloads/GoogleService-Info.plist"; sourceTree = "<group>"; };
		886268F31E04B16200D0745D /* Life Timer.app */ = {isa = PBXFileReference; explicitFileType = wrapper.application; includeInIndex = 0; path = "Life Timer.app"; sourceTree = BUILT_PRODUCTS_DIR; };
		886268F61E04B16200D0745D /* AppDelegate.swift */ = {isa = PBXFileReference; lastKnownFileType = sourcecode.swift; path = AppDelegate.swift; sourceTree = "<group>"; };
		886268F81E04B16200D0745D /* FirstViewController.swift */ = {isa = PBXFileReference; lastKnownFileType = sourcecode.swift; path = FirstViewController.swift; sourceTree = "<group>"; };
		886268FA1E04B16200D0745D /* SecondViewController.swift */ = {isa = PBXFileReference; lastKnownFileType = sourcecode.swift; path = SecondViewController.swift; sourceTree = "<group>"; };
		886268FD1E04B16200D0745D /* Base */ = {isa = PBXFileReference; lastKnownFileType = file.storyboard; name = Base; path = Base.lproj/Main.storyboard; sourceTree = "<group>"; };
		886268FF1E04B16200D0745D /* Assets.xcassets */ = {isa = PBXFileReference; lastKnownFileType = folder.assetcatalog; path = Assets.xcassets; sourceTree = "<group>"; };
		886269021E04B16200D0745D /* Base */ = {isa = PBXFileReference; lastKnownFileType = file.storyboard; name = Base; path = Base.lproj/LaunchScreen.storyboard; sourceTree = "<group>"; };
		886269041E04B16200D0745D /* Info.plist */ = {isa = PBXFileReference; lastKnownFileType = text.plist.xml; path = Info.plist; sourceTree = "<group>"; };
		886269091E04B16200D0745D /* Life TimerTests.xctest */ = {isa = PBXFileReference; explicitFileType = wrapper.cfbundle; includeInIndex = 0; path = "Life TimerTests.xctest"; sourceTree = BUILT_PRODUCTS_DIR; };
		8862690D1E04B16200D0745D /* Life_TimerTests.swift */ = {isa = PBXFileReference; lastKnownFileType = sourcecode.swift; path = Life_TimerTests.swift; sourceTree = "<group>"; };
		8862690F1E04B16200D0745D /* Info.plist */ = {isa = PBXFileReference; lastKnownFileType = text.plist.xml; path = Info.plist; sourceTree = "<group>"; };
		886269141E04B16200D0745D /* Life TimerUITests.xctest */ = {isa = PBXFileReference; explicitFileType = wrapper.cfbundle; includeInIndex = 0; path = "Life TimerUITests.xctest"; sourceTree = BUILT_PRODUCTS_DIR; };
		886269181E04B16200D0745D /* Life_TimerUITests.swift */ = {isa = PBXFileReference; lastKnownFileType = sourcecode.swift; path = Life_TimerUITests.swift; sourceTree = "<group>"; };
		8862691A1E04B16200D0745D /* Info.plist */ = {isa = PBXFileReference; lastKnownFileType = text.plist.xml; path = Info.plist; sourceTree = "<group>"; };
		88B6F2CC1E134B6000A5EC91 /* RatingControl.swift */ = {isa = PBXFileReference; fileEncoding = 4; lastKnownFileType = sourcecode.swift; path = RatingControl.swift; sourceTree = "<group>"; };
		88B6F2D01E16C02900A5EC91 /* dateTime.swift */ = {isa = PBXFileReference; fileEncoding = 4; lastKnownFileType = sourcecode.swift; path = dateTime.swift; sourceTree = "<group>"; };
		88B6F2D21E16C24900A5EC91 /* timerColor.swift */ = {isa = PBXFileReference; fileEncoding = 4; lastKnownFileType = sourcecode.swift; path = timerColor.swift; sourceTree = "<group>"; };
		88B6F2D41E16FDAC00A5EC91 /* createTimerController.swift */ = {isa = PBXFileReference; fileEncoding = 4; lastKnownFileType = sourcecode.swift; path = createTimerController.swift; sourceTree = "<group>"; };
		94998565331B2423878447E9 /* Pods-Life TimerTests.debug.xcconfig */ = {isa = PBXFileReference; includeInIndex = 1; lastKnownFileType = text.xcconfig; name = "Pods-Life TimerTests.debug.xcconfig"; path = "Pods/Target Support Files/Pods-Life TimerTests/Pods-Life TimerTests.debug.xcconfig"; sourceTree = "<group>"; };
		A21484BD5F040F92BE9013B9 /* Pods_Life_Timer.framework */ = {isa = PBXFileReference; explicitFileType = wrapper.framework; includeInIndex = 0; path = Pods_Life_Timer.framework; sourceTree = BUILT_PRODUCTS_DIR; };
		B7C72CAE662D4578B022EB2B /* Pods_Life_TimerTests.framework */ = {isa = PBXFileReference; explicitFileType = wrapper.framework; includeInIndex = 0; path = Pods_Life_TimerTests.framework; sourceTree = BUILT_PRODUCTS_DIR; };
		E8E7A94EBEE3A5CE074CDF34 /* Pods-Life TimerTests.release.xcconfig */ = {isa = PBXFileReference; includeInIndex = 1; lastKnownFileType = text.xcconfig; name = "Pods-Life TimerTests.release.xcconfig"; path = "Pods/Target Support Files/Pods-Life TimerTests/Pods-Life TimerTests.release.xcconfig"; sourceTree = "<group>"; };
/* End PBXFileReference section */

/* Begin PBXFrameworksBuildPhase section */
		886268F01E04B16200D0745D /* Frameworks */ = {
			isa = PBXFrameworksBuildPhase;
			buildActionMask = 2147483647;
			files = (
				065384C041E8F10EDD359D90 /* Pods_Life_Timer.framework in Frameworks */,
			);
			runOnlyForDeploymentPostprocessing = 0;
		};
		886269061E04B16200D0745D /* Frameworks */ = {
			isa = PBXFrameworksBuildPhase;
			buildActionMask = 2147483647;
			files = (
				139EF974E39690EAC0B92544 /* Pods_Life_TimerTests.framework in Frameworks */,
			);
			runOnlyForDeploymentPostprocessing = 0;
		};
		886269111E04B16200D0745D /* Frameworks */ = {
			isa = PBXFrameworksBuildPhase;
			buildActionMask = 2147483647;
			files = (
				0D8344FED62E2963D632DA5F /* Pods_Life_TimerUITests.framework in Frameworks */,
			);
			runOnlyForDeploymentPostprocessing = 0;
		};
/* End PBXFrameworksBuildPhase section */

/* Begin PBXGroup section */
		526C2D786A151138841E1ECD /* Pods */ = {
			isa = PBXGroup;
			children = (
				6B2AD9A5EE023E94CE989CA4 /* Pods-Life Timer.debug.xcconfig */,
				773A4401058312BDE26CB510 /* Pods-Life Timer.release.xcconfig */,
				94998565331B2423878447E9 /* Pods-Life TimerTests.debug.xcconfig */,
				E8E7A94EBEE3A5CE074CDF34 /* Pods-Life TimerTests.release.xcconfig */,
				3CC6D2BA566304DD1D4FFE7B /* Pods-Life TimerUITests.debug.xcconfig */,
				846CB9B1535A10FF13BAF335 /* Pods-Life TimerUITests.release.xcconfig */,
			);
			name = Pods;
			sourceTree = "<group>";
		};
		886268EA1E04B16200D0745D = {
			isa = PBXGroup;
			children = (
				885398E21E2AA5E2002C2FD6 /* timerViewCellTableViewCell.swift */,
				886268F51E04B16200D0745D /* Life Timer */,
				8862690C1E04B16200D0745D /* Life TimerTests */,
				886269171E04B16200D0745D /* Life TimerUITests */,
				886268F41E04B16200D0745D /* Products */,
				526C2D786A151138841E1ECD /* Pods */,
				A9C8BF1899AC8C09E3DB7B15 /* Frameworks */,
			);
			sourceTree = "<group>";
		};
		886268F41E04B16200D0745D /* Products */ = {
			isa = PBXGroup;
			children = (
				886268F31E04B16200D0745D /* Life Timer.app */,
				886269091E04B16200D0745D /* Life TimerTests.xctest */,
				886269141E04B16200D0745D /* Life TimerUITests.xctest */,
			);
			name = Products;
			sourceTree = "<group>";
		};
		886268F51E04B16200D0745D /* Life Timer */ = {
			isa = PBXGroup;
			children = (
				885398E41E2B030C002C2FD6 /* GoogleService-Info.plist */,
				886268F61E04B16200D0745D /* AppDelegate.swift */,
				886268F81E04B16200D0745D /* FirstViewController.swift */,
				886268FA1E04B16200D0745D /* SecondViewController.swift */,
				88B6F2CC1E134B6000A5EC91 /* RatingControl.swift */,
				88B6F2D21E16C24900A5EC91 /* timerColor.swift */,
				88B6F2D01E16C02900A5EC91 /* dateTime.swift */,
				886268FC1E04B16200D0745D /* Main.storyboard */,
				88B6F2D41E16FDAC00A5EC91 /* createTimerController.swift */,
				886268FF1E04B16200D0745D /* Assets.xcassets */,
				886269011E04B16200D0745D /* LaunchScreen.storyboard */,
				886269041E04B16200D0745D /* Info.plist */,
			);
			path = "Life Timer";
			sourceTree = "<group>";
		};
		8862690C1E04B16200D0745D /* Life TimerTests */ = {
			isa = PBXGroup;
			children = (
				8862690D1E04B16200D0745D /* Life_TimerTests.swift */,
				8862690F1E04B16200D0745D /* Info.plist */,
			);
			path = "Life TimerTests";
			sourceTree = "<group>";
		};
		886269171E04B16200D0745D /* Life TimerUITests */ = {
			isa = PBXGroup;
			children = (
				886269181E04B16200D0745D /* Life_TimerUITests.swift */,
				8862691A1E04B16200D0745D /* Info.plist */,
			);
			path = "Life TimerUITests";
			sourceTree = "<group>";
		};
		A9C8BF1899AC8C09E3DB7B15 /* Frameworks */ = {
			isa = PBXGroup;
			children = (
				A21484BD5F040F92BE9013B9 /* Pods_Life_Timer.framework */,
				B7C72CAE662D4578B022EB2B /* Pods_Life_TimerTests.framework */,
				30FEA1285FD20AC8B7E3F239 /* Pods_Life_TimerUITests.framework */,
			);
			name = Frameworks;
			sourceTree = "<group>";
		};
/* End PBXGroup section */

/* Begin PBXNativeTarget section */
		886268F21E04B16200D0745D /* Life Timer */ = {
			isa = PBXNativeTarget;
			buildConfigurationList = 8862691D1E04B16200D0745D /* Build configuration list for PBXNativeTarget "Life Timer" */;
			buildPhases = (
				798DF9AF7613E4966E4D18FA /* [CP] Check Pods Manifest.lock */,
				886268EF1E04B16200D0745D /* Sources */,
				886268F01E04B16200D0745D /* Frameworks */,
				886268F11E04B16200D0745D /* Resources */,
				BCC7BE0A959CB17CA978EF32 /* [CP] Embed Pods Frameworks */,
				043403269CF81718F5077E34 /* [CP] Copy Pods Resources */,
			);
			buildRules = (
			);
			dependencies = (
			);
			name = "Life Timer";
			productName = "Life Timer";
			productReference = 886268F31E04B16200D0745D /* Life Timer.app */;
			productType = "com.apple.product-type.application";
		};
		886269081E04B16200D0745D /* Life TimerTests */ = {
			isa = PBXNativeTarget;
			buildConfigurationList = 886269201E04B16200D0745D /* Build configuration list for PBXNativeTarget "Life TimerTests" */;
			buildPhases = (
				CA1EBD6C54D6501DAE408C5E /* [CP] Check Pods Manifest.lock */,
				886269051E04B16200D0745D /* Sources */,
				886269061E04B16200D0745D /* Frameworks */,
				886269071E04B16200D0745D /* Resources */,
				627D1EEE66D85370604A2ED2 /* [CP] Embed Pods Frameworks */,
				2E63C5BAE8E03F5F12889D1F /* [CP] Copy Pods Resources */,
			);
			buildRules = (
			);
			dependencies = (
				8862690B1E04B16200D0745D /* PBXTargetDependency */,
			);
			name = "Life TimerTests";
			productName = "Life TimerTests";
			productReference = 886269091E04B16200D0745D /* Life TimerTests.xctest */;
			productType = "com.apple.product-type.bundle.unit-test";
		};
		886269131E04B16200D0745D /* Life TimerUITests */ = {
			isa = PBXNativeTarget;
			buildConfigurationList = 886269231E04B16200D0745D /* Build configuration list for PBXNativeTarget "Life TimerUITests" */;
			buildPhases = (
				3960582DED785113D221E353 /* [CP] Check Pods Manifest.lock */,
				886269101E04B16200D0745D /* Sources */,
				886269111E04B16200D0745D /* Frameworks */,
				886269121E04B16200D0745D /* Resources */,
				EA872E13CF37A7DC31BE5AAD /* [CP] Embed Pods Frameworks */,
				C793A9F370186228F8616C7E /* [CP] Copy Pods Resources */,
			);
			buildRules = (
			);
			dependencies = (
				886269161E04B16200D0745D /* PBXTargetDependency */,
			);
			name = "Life TimerUITests";
			productName = "Life TimerUITests";
			productReference = 886269141E04B16200D0745D /* Life TimerUITests.xctest */;
			productType = "com.apple.product-type.bundle.ui-testing";
		};
/* End PBXNativeTarget section */

/* Begin PBXProject section */
		886268EB1E04B16200D0745D /* Project object */ = {
			isa = PBXProject;
			attributes = {
				LastSwiftUpdateCheck = 0820;
				LastUpgradeCheck = 0820;
				ORGANIZATIONNAME = kvanland;
				TargetAttributes = {
					886268F21E04B16200D0745D = {
						CreatedOnToolsVersion = 8.2;
						DevelopmentTeam = VDVLWYB37E;
						ProvisioningStyle = Automatic;
					};
					886269081E04B16200D0745D = {
						CreatedOnToolsVersion = 8.2;
						DevelopmentTeam = VDVLWYB37E;
						ProvisioningStyle = Automatic;
						TestTargetID = 886268F21E04B16200D0745D;
					};
					886269131E04B16200D0745D = {
						CreatedOnToolsVersion = 8.2;
						DevelopmentTeam = VDVLWYB37E;
						ProvisioningStyle = Automatic;
						TestTargetID = 886268F21E04B16200D0745D;
					};
				};
			};
			buildConfigurationList = 886268EE1E04B16200D0745D /* Build configuration list for PBXProject "Life Timer" */;
			compatibilityVersion = "Xcode 3.2";
			developmentRegion = English;
			hasScannedForEncodings = 0;
			knownRegions = (
				en,
				Base,
			);
			mainGroup = 886268EA1E04B16200D0745D;
			productRefGroup = 886268F41E04B16200D0745D /* Products */;
			projectDirPath = "";
			projectRoot = "";
			targets = (
				886268F21E04B16200D0745D /* Life Timer */,
				886269081E04B16200D0745D /* Life TimerTests */,
				886269131E04B16200D0745D /* Life TimerUITests */,
			);
		};
/* End PBXProject section */

/* Begin PBXResourcesBuildPhase section */
		886268F11E04B16200D0745D /* Resources */ = {
			isa = PBXResourcesBuildPhase;
			buildActionMask = 2147483647;
			files = (
				886269031E04B16200D0745D /* LaunchScreen.storyboard in Resources */,
				885398E51E2B030C002C2FD6 /* GoogleService-Info.plist in Resources */,
				886269001E04B16200D0745D /* Assets.xcassets in Resources */,
				886268FE1E04B16200D0745D /* Main.storyboard in Resources */,
			);
			runOnlyForDeploymentPostprocessing = 0;
		};
		886269071E04B16200D0745D /* Resources */ = {
			isa = PBXResourcesBuildPhase;
			buildActionMask = 2147483647;
			files = (
				885398E61E2B030C002C2FD6 /* GoogleService-Info.plist in Resources */,
			);
			runOnlyForDeploymentPostprocessing = 0;
		};
		886269121E04B16200D0745D /* Resources */ = {
			isa = PBXResourcesBuildPhase;
			buildActionMask = 2147483647;
			files = (
				885398E71E2B030C002C2FD6 /* GoogleService-Info.plist in Resources */,
			);
			runOnlyForDeploymentPostprocessing = 0;
		};
/* End PBXResourcesBuildPhase section */

/* Begin PBXShellScriptBuildPhase section */
		043403269CF81718F5077E34 /* [CP] Copy Pods Resources */ = {
			isa = PBXShellScriptBuildPhase;
			buildActionMask = 2147483647;
			files = (
			);
			inputPaths = (
			);
			name = "[CP] Copy Pods Resources";
			outputPaths = (
			);
			runOnlyForDeploymentPostprocessing = 0;
			shellPath = /bin/sh;
			shellScript = "\"${SRCROOT}/Pods/Target Support Files/Pods-Life Timer/Pods-Life Timer-resources.sh\"\n";
			showEnvVarsInLog = 0;
		};
		2E63C5BAE8E03F5F12889D1F /* [CP] Copy Pods Resources */ = {
			isa = PBXShellScriptBuildPhase;
			buildActionMask = 2147483647;
			files = (
			);
			inputPaths = (
			);
			name = "[CP] Copy Pods Resources";
			outputPaths = (
			);
			runOnlyForDeploymentPostprocessing = 0;
			shellPath = /bin/sh;
			shellScript = "\"${SRCROOT}/Pods/Target Support Files/Pods-Life TimerTests/Pods-Life TimerTests-resources.sh\"\n";
			showEnvVarsInLog = 0;
		};
		3960582DED785113D221E353 /* [CP] Check Pods Manifest.lock */ = {
			isa = PBXShellScriptBuildPhase;
			buildActionMask = 2147483647;
			files = (
			);
			inputPaths = (
			);
			name = "[CP] Check Pods Manifest.lock";
			outputPaths = (
			);
			runOnlyForDeploymentPostprocessing = 0;
			shellPath = /bin/sh;
			shellScript = "diff \"${PODS_ROOT}/../Podfile.lock\" \"${PODS_ROOT}/Manifest.lock\" > /dev/null\nif [ $? != 0 ] ; then\n    # print error to STDERR\n    echo \"error: The sandbox is not in sync with the Podfile.lock. Run 'pod install' or update your CocoaPods installation.\" >&2\n    exit 1\nfi\n";
			showEnvVarsInLog = 0;
		};
		627D1EEE66D85370604A2ED2 /* [CP] Embed Pods Frameworks */ = {
			isa = PBXShellScriptBuildPhase;
			buildActionMask = 2147483647;
			files = (
			);
			inputPaths = (
			);
			name = "[CP] Embed Pods Frameworks";
			outputPaths = (
			);
			runOnlyForDeploymentPostprocessing = 0;
			shellPath = /bin/sh;
			shellScript = "\"${SRCROOT}/Pods/Target Support Files/Pods-Life TimerTests/Pods-Life TimerTests-frameworks.sh\"\n";
			showEnvVarsInLog = 0;
		};
		798DF9AF7613E4966E4D18FA /* [CP] Check Pods Manifest.lock */ = {
			isa = PBXShellScriptBuildPhase;
			buildActionMask = 2147483647;
			files = (
			);
			inputPaths = (
			);
			name = "[CP] Check Pods Manifest.lock";
			outputPaths = (
			);
			runOnlyForDeploymentPostprocessing = 0;
			shellPath = /bin/sh;
			shellScript = "diff \"${PODS_ROOT}/../Podfile.lock\" \"${PODS_ROOT}/Manifest.lock\" > /dev/null\nif [ $? != 0 ] ; then\n    # print error to STDERR\n    echo \"error: The sandbox is not in sync with the Podfile.lock. Run 'pod install' or update your CocoaPods installation.\" >&2\n    exit 1\nfi\n";
			showEnvVarsInLog = 0;
		};
		BCC7BE0A959CB17CA978EF32 /* [CP] Embed Pods Frameworks */ = {
			isa = PBXShellScriptBuildPhase;
			buildActionMask = 2147483647;
			files = (
			);
			inputPaths = (
			);
			name = "[CP] Embed Pods Frameworks";
			outputPaths = (
			);
			runOnlyForDeploymentPostprocessing = 0;
			shellPath = /bin/sh;
			shellScript = "\"${SRCROOT}/Pods/Target Support Files/Pods-Life Timer/Pods-Life Timer-frameworks.sh\"\n";
			showEnvVarsInLog = 0;
		};
		C793A9F370186228F8616C7E /* [CP] Copy Pods Resources */ = {
			isa = PBXShellScriptBuildPhase;
			buildActionMask = 2147483647;
			files = (
			);
			inputPaths = (
			);
			name = "[CP] Copy Pods Resources";
			outputPaths = (
			);
			runOnlyForDeploymentPostprocessing = 0;
			shellPath = /bin/sh;
			shellScript = "\"${SRCROOT}/Pods/Target Support Files/Pods-Life TimerUITests/Pods-Life TimerUITests-resources.sh\"\n";
			showEnvVarsInLog = 0;
		};
		CA1EBD6C54D6501DAE408C5E /* [CP] Check Pods Manifest.lock */ = {
			isa = PBXShellScriptBuildPhase;
			buildActionMask = 2147483647;
			files = (
			);
			inputPaths = (
			);
			name = "[CP] Check Pods Manifest.lock";
			outputPaths = (
			);
			runOnlyForDeploymentPostprocessing = 0;
			shellPath = /bin/sh;
			shellScript = "diff \"${PODS_ROOT}/../Podfile.lock\" \"${PODS_ROOT}/Manifest.lock\" > /dev/null\nif [ $? != 0 ] ; then\n    # print error to STDERR\n    echo \"error: The sandbox is not in sync with the Podfile.lock. Run 'pod install' or update your CocoaPods installation.\" >&2\n    exit 1\nfi\n";
			showEnvVarsInLog = 0;
		};
		EA872E13CF37A7DC31BE5AAD /* [CP] Embed Pods Frameworks */ = {
			isa = PBXShellScriptBuildPhase;
			buildActionMask = 2147483647;
			files = (
			);
			inputPaths = (
			);
			name = "[CP] Embed Pods Frameworks";
			outputPaths = (
			);
			runOnlyForDeploymentPostprocessing = 0;
			shellPath = /bin/sh;
			shellScript = "\"${SRCROOT}/Pods/Target Support Files/Pods-Life TimerUITests/Pods-Life TimerUITests-frameworks.sh\"\n";
			showEnvVarsInLog = 0;
		};
/* End PBXShellScriptBuildPhase section */

/* Begin PBXSourcesBuildPhase section */
		886268EF1E04B16200D0745D /* Sources */ = {
			isa = PBXSourcesBuildPhase;
			buildActionMask = 2147483647;
			files = (
				88B6F2D11E16C02900A5EC91 /* dateTime.swift in Sources */,
				88B6F2CD1E134B6100A5EC91 /* RatingControl.swift in Sources */,
				886268FB1E04B16200D0745D /* SecondViewController.swift in Sources */,
				886268F71E04B16200D0745D /* AppDelegate.swift in Sources */,
				886268F91E04B16200D0745D /* FirstViewController.swift in Sources */,
				88B6F2D31E16C24900A5EC91 /* timerColor.swift in Sources */,
				885398E31E2AA5E2002C2FD6 /* timerViewCellTableViewCell.swift in Sources */,
				88B6F2D51E16FDAC00A5EC91 /* createTimerController.swift in Sources */,
			);
			runOnlyForDeploymentPostprocessing = 0;
		};
		886269051E04B16200D0745D /* Sources */ = {
			isa = PBXSourcesBuildPhase;
			buildActionMask = 2147483647;
			files = (
				8862690E1E04B16200D0745D /* Life_TimerTests.swift in Sources */,
			);
			runOnlyForDeploymentPostprocessing = 0;
		};
		886269101E04B16200D0745D /* Sources */ = {
			isa = PBXSourcesBuildPhase;
			buildActionMask = 2147483647;
			files = (
				886269191E04B16200D0745D /* Life_TimerUITests.swift in Sources */,
			);
			runOnlyForDeploymentPostprocessing = 0;
		};
/* End PBXSourcesBuildPhase section */

/* Begin PBXTargetDependency section */
		8862690B1E04B16200D0745D /* PBXTargetDependency */ = {
			isa = PBXTargetDependency;
			target = 886268F21E04B16200D0745D /* Life Timer */;
			targetProxy = 8862690A1E04B16200D0745D /* PBXContainerItemProxy */;
		};
		886269161E04B16200D0745D /* PBXTargetDependency */ = {
			isa = PBXTargetDependency;
			target = 886268F21E04B16200D0745D /* Life Timer */;
			targetProxy = 886269151E04B16200D0745D /* PBXContainerItemProxy */;
		};
/* End PBXTargetDependency section */

/* Begin PBXVariantGroup section */
		886268FC1E04B16200D0745D /* Main.storyboard */ = {
			isa = PBXVariantGroup;
			children = (
				886268FD1E04B16200D0745D /* Base */,
			);
			name = Main.storyboard;
			sourceTree = "<group>";
		};
		886269011E04B16200D0745D /* LaunchScreen.storyboard */ = {
			isa = PBXVariantGroup;
			children = (
				886269021E04B16200D0745D /* Base */,
			);
			name = LaunchScreen.storyboard;
			sourceTree = "<group>";
		};
/* End PBXVariantGroup section */

/* Begin XCBuildConfiguration section */
		8862691B1E04B16200D0745D /* Debug */ = {
			isa = XCBuildConfiguration;
			buildSettings = {
				ALWAYS_SEARCH_USER_PATHS = NO;
				CLANG_ANALYZER_NONNULL = YES;
				CLANG_CXX_LANGUAGE_STANDARD = "gnu++0x";
				CLANG_CXX_LIBRARY = "libc++";
				CLANG_ENABLE_MODULES = YES;
				CLANG_ENABLE_OBJC_ARC = YES;
				CLANG_WARN_BOOL_CONVERSION = YES;
				CLANG_WARN_CONSTANT_CONVERSION = YES;
				CLANG_WARN_DIRECT_OBJC_ISA_USAGE = YES_ERROR;
				CLANG_WARN_DOCUMENTATION_COMMENTS = YES;
				CLANG_WARN_EMPTY_BODY = YES;
				CLANG_WARN_ENUM_CONVERSION = YES;
				CLANG_WARN_INFINITE_RECURSION = YES;
				CLANG_WARN_INT_CONVERSION = YES;
				CLANG_WARN_OBJC_ROOT_CLASS = YES_ERROR;
				CLANG_WARN_SUSPICIOUS_MOVE = YES;
				CLANG_WARN_UNREACHABLE_CODE = YES;
				CLANG_WARN__DUPLICATE_METHOD_MATCH = YES;
				"CODE_SIGN_IDENTITY[sdk=iphoneos*]" = "iPhone Developer";
				COPY_PHASE_STRIP = NO;
				DEBUG_INFORMATION_FORMAT = dwarf;
				ENABLE_STRICT_OBJC_MSGSEND = YES;
				ENABLE_TESTABILITY = YES;
				GCC_C_LANGUAGE_STANDARD = gnu99;
				GCC_DYNAMIC_NO_PIC = NO;
				GCC_NO_COMMON_BLOCKS = YES;
				GCC_OPTIMIZATION_LEVEL = 0;
				GCC_PREPROCESSOR_DEFINITIONS = (
					"DEBUG=1",
					"$(inherited)",
				);
				GCC_WARN_64_TO_32_BIT_CONVERSION = YES;
				GCC_WARN_ABOUT_RETURN_TYPE = YES_ERROR;
				GCC_WARN_UNDECLARED_SELECTOR = YES;
				GCC_WARN_UNINITIALIZED_AUTOS = YES_AGGRESSIVE;
				GCC_WARN_UNUSED_FUNCTION = YES;
				GCC_WARN_UNUSED_VARIABLE = YES;
				IPHONEOS_DEPLOYMENT_TARGET = 10.2;
				MTL_ENABLE_DEBUG_INFO = YES;
				ONLY_ACTIVE_ARCH = YES;
				SDKROOT = iphoneos;
				SWIFT_ACTIVE_COMPILATION_CONDITIONS = DEBUG;
				SWIFT_OPTIMIZATION_LEVEL = "-Onone";
			};
			name = Debug;
		};
		8862691C1E04B16200D0745D /* Release */ = {
			isa = XCBuildConfiguration;
			buildSettings = {
				ALWAYS_SEARCH_USER_PATHS = NO;
				CLANG_ANALYZER_NONNULL = YES;
				CLANG_CXX_LANGUAGE_STANDARD = "gnu++0x";
				CLANG_CXX_LIBRARY = "libc++";
				CLANG_ENABLE_MODULES = YES;
				CLANG_ENABLE_OBJC_ARC = YES;
				CLANG_WARN_BOOL_CONVERSION = YES;
				CLANG_WARN_CONSTANT_CONVERSION = YES;
				CLANG_WARN_DIRECT_OBJC_ISA_USAGE = YES_ERROR;
				CLANG_WARN_DOCUMENTATION_COMMENTS = YES;
				CLANG_WARN_EMPTY_BODY = YES;
				CLANG_WARN_ENUM_CONVERSION = YES;
				CLANG_WARN_INFINITE_RECURSION = YES;
				CLANG_WARN_INT_CONVERSION = YES;
				CLANG_WARN_OBJC_ROOT_CLASS = YES_ERROR;
				CLANG_WARN_SUSPICIOUS_MOVE = YES;
				CLANG_WARN_UNREACHABLE_CODE = YES;
				CLANG_WARN__DUPLICATE_METHOD_MATCH = YES;
				"CODE_SIGN_IDENTITY[sdk=iphoneos*]" = "iPhone Developer";
				COPY_PHASE_STRIP = NO;
				DEBUG_INFORMATION_FORMAT = "dwarf-with-dsym";
				ENABLE_NS_ASSERTIONS = NO;
				ENABLE_STRICT_OBJC_MSGSEND = YES;
				GCC_C_LANGUAGE_STANDARD = gnu99;
				GCC_NO_COMMON_BLOCKS = YES;
				GCC_WARN_64_TO_32_BIT_CONVERSION = YES;
				GCC_WARN_ABOUT_RETURN_TYPE = YES_ERROR;
				GCC_WARN_UNDECLARED_SELECTOR = YES;
				GCC_WARN_UNINITIALIZED_AUTOS = YES_AGGRESSIVE;
				GCC_WARN_UNUSED_FUNCTION = YES;
				GCC_WARN_UNUSED_VARIABLE = YES;
				IPHONEOS_DEPLOYMENT_TARGET = 10.2;
				MTL_ENABLE_DEBUG_INFO = NO;
				SDKROOT = iphoneos;
				SWIFT_OPTIMIZATION_LEVEL = "-Owholemodule";
				VALIDATE_PRODUCT = YES;
			};
			name = Release;
		};
		8862691E1E04B16200D0745D /* Debug */ = {
			isa = XCBuildConfiguration;
			baseConfigurationReference = 6B2AD9A5EE023E94CE989CA4 /* Pods-Life Timer.debug.xcconfig */;
			buildSettings = {
				ASSETCATALOG_COMPILER_APPICON_NAME = AppIcon;
				DEVELOPMENT_TEAM = VDVLWYB37E;
				INFOPLIST_FILE = "Life Timer/Info.plist";
				IPHONEOS_DEPLOYMENT_TARGET = 10.0;
				LD_RUNPATH_SEARCH_PATHS = "$(inherited) @executable_path/Frameworks";
				PRODUCT_BUNDLE_IDENTIFIER = "kvanland.Life-Timer";
				PRODUCT_NAME = "$(TARGET_NAME)";
				SWIFT_VERSION = 3.0;
				TARGETED_DEVICE_FAMILY = "1,2";
			};
			name = Debug;
		};
		8862691F1E04B16200D0745D /* Release */ = {
			isa = XCBuildConfiguration;
			baseConfigurationReference = 773A4401058312BDE26CB510 /* Pods-Life Timer.release.xcconfig */;
			buildSettings = {
				ASSETCATALOG_COMPILER_APPICON_NAME = AppIcon;
				DEVELOPMENT_TEAM = VDVLWYB37E;
				INFOPLIST_FILE = "Life Timer/Info.plist";
				IPHONEOS_DEPLOYMENT_TARGET = 10.0;
				LD_RUNPATH_SEARCH_PATHS = "$(inherited) @executable_path/Frameworks";
				PRODUCT_BUNDLE_IDENTIFIER = "kvanland.Life-Timer";
				PRODUCT_NAME = "$(TARGET_NAME)";
				SWIFT_VERSION = 3.0;
				TARGETED_DEVICE_FAMILY = "1,2";
			};
			name = Release;
		};
		886269211E04B16200D0745D /* Debug */ = {
			isa = XCBuildConfiguration;
			baseConfigurationReference = 94998565331B2423878447E9 /* Pods-Life TimerTests.debug.xcconfig */;
			buildSettings = {
				ALWAYS_EMBED_SWIFT_STANDARD_LIBRARIES = YES;
				BUNDLE_LOADER = "$(TEST_HOST)";
				DEVELOPMENT_TEAM = VDVLWYB37E;
				INFOPLIST_FILE = "Life TimerTests/Info.plist";
				LD_RUNPATH_SEARCH_PATHS = "$(inherited) @executable_path/Frameworks @loader_path/Frameworks";
				PRODUCT_BUNDLE_IDENTIFIER = "kvanland.Life-TimerTests";
				PRODUCT_NAME = "$(TARGET_NAME)";
				SWIFT_VERSION = 3.0;
				TEST_HOST = "$(BUILT_PRODUCTS_DIR)/Life Timer.app/Life Timer";
			};
			name = Debug;
		};
		886269221E04B16200D0745D /* Release */ = {
			isa = XCBuildConfiguration;
			baseConfigurationReference = E8E7A94EBEE3A5CE074CDF34 /* Pods-Life TimerTests.release.xcconfig */;
			buildSettings = {
				ALWAYS_EMBED_SWIFT_STANDARD_LIBRARIES = YES;
				BUNDLE_LOADER = "$(TEST_HOST)";
				DEVELOPMENT_TEAM = VDVLWYB37E;
				INFOPLIST_FILE = "Life TimerTests/Info.plist";
				LD_RUNPATH_SEARCH_PATHS = "$(inherited) @executable_path/Frameworks @loader_path/Frameworks";
				PRODUCT_BUNDLE_IDENTIFIER = "kvanland.Life-TimerTests";
				PRODUCT_NAME = "$(TARGET_NAME)";
				SWIFT_VERSION = 3.0;
				TEST_HOST = "$(BUILT_PRODUCTS_DIR)/Life Timer.app/Life Timer";
			};
			name = Release;
		};
		886269241E04B16200D0745D /* Debug */ = {
			isa = XCBuildConfiguration;
			baseConfigurationReference = 3CC6D2BA566304DD1D4FFE7B /* Pods-Life TimerUITests.debug.xcconfig */;
			buildSettings = {
				ALWAYS_EMBED_SWIFT_STANDARD_LIBRARIES = YES;
				DEVELOPMENT_TEAM = VDVLWYB37E;
				INFOPLIST_FILE = "Life TimerUITests/Info.plist";
				LD_RUNPATH_SEARCH_PATHS = "$(inherited) @executable_path/Frameworks @loader_path/Frameworks";
				PRODUCT_BUNDLE_IDENTIFIER = "kvanland.Life-TimerUITests";
				PRODUCT_NAME = "$(TARGET_NAME)";
				SWIFT_VERSION = 3.0;
				TEST_TARGET_NAME = "Life Timer";
			};
			name = Debug;
		};
		886269251E04B16200D0745D /* Release */ = {
			isa = XCBuildConfiguration;
			baseConfigurationReference = 846CB9B1535A10FF13BAF335 /* Pods-Life TimerUITests.release.xcconfig */;
			buildSettings = {
				ALWAYS_EMBED_SWIFT_STANDARD_LIBRARIES = YES;
				DEVELOPMENT_TEAM = VDVLWYB37E;
				INFOPLIST_FILE = "Life TimerUITests/Info.plist";
				LD_RUNPATH_SEARCH_PATHS = "$(inherited) @executable_path/Frameworks @loader_path/Frameworks";
				PRODUCT_BUNDLE_IDENTIFIER = "kvanland.Life-TimerUITests";
				PRODUCT_NAME = "$(TARGET_NAME)";
				SWIFT_VERSION = 3.0;
				TEST_TARGET_NAME = "Life Timer";
			};
			name = Release;
		};
/* End XCBuildConfiguration section */

/* Begin XCConfigurationList section */
		886268EE1E04B16200D0745D /* Build configuration list for PBXProject "Life Timer" */ = {
			isa = XCConfigurationList;
			buildConfigurations = (
				8862691B1E04B16200D0745D /* Debug */,
				8862691C1E04B16200D0745D /* Release */,
			);
			defaultConfigurationIsVisible = 0;
			defaultConfigurationName = Release;
		};
		8862691D1E04B16200D0745D /* Build configuration list for PBXNativeTarget "Life Timer" */ = {
			isa = XCConfigurationList;
			buildConfigurations = (
				8862691E1E04B16200D0745D /* Debug */,
				8862691F1E04B16200D0745D /* Release */,
			);
			defaultConfigurationIsVisible = 0;
			defaultConfigurationName = Release;
		};
		886269201E04B16200D0745D /* Build configuration list for PBXNativeTarget "Life TimerTests" */ = {
			isa = XCConfigurationList;
			buildConfigurations = (
				886269211E04B16200D0745D /* Debug */,
				886269221E04B16200D0745D /* Release */,
			);
			defaultConfigurationIsVisible = 0;
			defaultConfigurationName = Release;
		};
		886269231E04B16200D0745D /* Build configuration list for PBXNativeTarget "Life TimerUITests" */ = {
			isa = XCConfigurationList;
			buildConfigurations = (
				886269241E04B16200D0745D /* Debug */,
				886269251E04B16200D0745D /* Release */,
			);
			defaultConfigurationIsVisible = 0;
			defaultConfigurationName = Release;
		};
/* End XCConfigurationList section */
	};
	rootObject = 886268EB1E04B16200D0745D /* Project object */;
}
